
Microsoft Visual Studio Solution File, Format Version 12.00
# Visual Studio Version 16
VisualStudioVersion = 16.0.34031.81
MinimumVisualStudioVersion = 10.0.40219.1
Project("{FAE04EC0-301F-11D3-BF4B-00C04F79EFBC}") = "Trivial", "Trivial.csproj", "{BB127A70-CEB5-4823-BCC0-23A25F26CB65}"
EndProject
Global
	GlobalSection(SolutionConfigurationPlatforms) = preSolution
		Debug|Any CPU = Debug|Any CPU
		Release|Any CPU = Release|Any CPU
	EndGlobalSection
	GlobalSection(ProjectConfigurationPlatforms) = postSolution
		{BB127A70-CEB5-4823-BCC0-23A25F26CB65}.Debug|Any CPU.ActiveCfg = Debug|Any CPU
		{BB127A70-CEB5-4823-BCC0-23A25F26CB65}.Debug|Any CPU.Build.0 = Debug|Any CPU
		{BB127A70-CEB5-4823-BCC0-23A25F26CB65}.Release|Any CPU.ActiveCfg = Release|Any CPU
		{BB127A70-CEB5-4823-BCC0-23A25F26CB65}.Release|Any CPU.Build.0 = Release|Any CPU
	EndGlobalSection
	GlobalSection(SolutionProperties) = preSolution
		HideSolutionNode = FALSE
	EndGlobalSection
	GlobalSection(ExtensibilityGlobals) = postSolution
		SolutionGuid = {8FF8F927-E242-4585-84A6-303DD85F893F}
	EndGlobalSection
EndGlobal
